
Microsoft Visual Studio Solution File, Format Version 12.00
# Visual Studio 15
Project("{FAE04EC0-301F-11D3-BF4B-00C04F79EFBC}") = "Assembly-CSharp", "Assembly-CSharp.csproj", "{90724733-BC66-B862-6531-B556C8136D50}"
EndProject
Project("{FAE04EC0-301F-11D3-BF4B-00C04F79EFBC}") = "Assembly-CSharp-Editor", "Assembly-CSharp-Editor.csproj", "{630E1695-3522-10ED-C12F-7613421C9D7D}"
EndProject
Global
	GlobalSection(SolutionConfigurationPlatforms) = preSolution
		Debug|Any CPU = Debug|Any CPU
		Release|Any CPU = Release|Any CPU
	EndGlobalSection
	GlobalSection(ProjectConfigurationPlatforms) = postSolution
		{90724733-BC66-B862-6531-B556C8136D50}.Debug|Any CPU.ActiveCfg = Debug|Any CPU
		{90724733-BC66-B862-6531-B556C8136D50}.Debug|Any CPU.Build.0 = Debug|Any CPU
		{90724733-BC66-B862-6531-B556C8136D50}.Release|Any CPU.ActiveCfg = Release|Any CPU
		{90724733-BC66-B862-6531-B556C8136D50}.Release|Any CPU.Build.0 = Release|Any CPU
		{630E1695-3522-10ED-C12F-7613421C9D7D}.Debug|Any CPU.ActiveCfg = Debug|Any CPU
		{630E1695-3522-10ED-C12F-7613421C9D7D}.Debug|Any CPU.Build.0 = Debug|Any CPU
		{630E1695-3522-10ED-C12F-7613421C9D7D}.Release|Any CPU.ActiveCfg = Release|Any CPU
		{630E1695-3522-10ED-C12F-7613421C9D7D}.Release|Any CPU.Build.0 = Release|Any CPU
	EndGlobalSection
	GlobalSection(SolutionProperties) = preSolution
		HideSolutionNode = FALSE
	EndGlobalSection
EndGlobal
